// !$*UTF8*$!
{
	archiveVersion = 1;
	classes = {
	};
	objectVersion = 56;
	objects = {

/* Begin PBXBuildFile section */
		3C47BC4F2A3897240027A8EC /* LOTR_ConverterApp.swift in Sources */ = {isa = PBXBuildFile; fileRef = 3C47BC4E2A3897240027A8EC /* LOTR_ConverterApp.swift */; };
		3C47BC512A3897240027A8EC /* ContentView.swift in Sources */ = {isa = PBXBuildFile; fileRef = 3C47BC502A3897240027A8EC /* ContentView.swift */; };
		3C47BC532A3897260027A8EC /* Assets.xcassets in Resources */ = {isa = PBXBuildFile; fileRef = 3C47BC522A3897260027A8EC /* Assets.xcassets */; };
		3C47BC562A3897260027A8EC /* Preview Assets.xcassets in Resources */ = {isa = PBXBuildFile; fileRef = 3C47BC552A3897260027A8EC /* Preview Assets.xcassets */; };
		3C47BC5D2A38AD7B0027A8EC /* ExchangeInfo.swift in Sources */ = {isa = PBXBuildFile; fileRef = 3C47BC5C2A38AD7B0027A8EC /* ExchangeInfo.swift */; };
		3C47BC5F2A38B18C0027A8EC /* ExchangeRate.swift in Sources */ = {isa = PBXBuildFile; fileRef = 3C47BC5E2A38B18C0027A8EC /* ExchangeRate.swift */; };
		3C47BC612A38BBCC0027A8EC /* SelectCurrency.swift in Sources */ = {isa = PBXBuildFile; fileRef = 3C47BC602A38BBCC0027A8EC /* SelectCurrency.swift */; };
		3C47BC632A38BF700027A8EC /* CurrencyIcon.swift in Sources */ = {isa = PBXBuildFile; fileRef = 3C47BC622A38BF700027A8EC /* CurrencyIcon.swift */; };
		3C47BC652A38C91C0027A8EC /* Currency.swift in Sources */ = {isa = PBXBuildFile; fileRef = 3C47BC642A38C91C0027A8EC /* Currency.swift */; };
		3C47BC672A3907DB0027A8EC /* IconGrid.swift in Sources */ = {isa = PBXBuildFile; fileRef = 3C47BC662A3907DB0027A8EC /* IconGrid.swift */; };
/* End PBXBuildFile section */

/* Begin PBXFileReference section */
		3C47BC4B2A3897240027A8EC /* LOTR Converter.app */ = {isa = PBXFileReference; explicitFileType = wrapper.application; includeInIndex = 0; path = "LOTR Converter.app"; sourceTree = BUILT_PRODUCTS_DIR; };
		3C47BC4E2A3897240027A8EC /* LOTR_ConverterApp.swift */ = {isa = PBXFileReference; lastKnownFileType = sourcecode.swift; path = LOTR_ConverterApp.swift; sourceTree = "<group>"; };
		3C47BC502A3897240027A8EC /* ContentView.swift */ = {isa = PBXFileReference; lastKnownFileType = sourcecode.swift; path = ContentView.swift; sourceTree = "<group>"; };
		3C47BC522A3897260027A8EC /* Assets.xcassets */ = {isa = PBXFileReference; lastKnownFileType = folder.assetcatalog; path = Assets.xcassets; sourceTree = "<group>"; };
		3C47BC552A3897260027A8EC /* Preview Assets.xcassets */ = {isa = PBXFileReference; lastKnownFileType = folder.assetcatalog; path = "Preview Assets.xcassets"; sourceTree = "<group>"; };
		3C47BC5C2A38AD7B0027A8EC /* ExchangeInfo.swift */ = {isa = PBXFileReference; lastKnownFileType = sourcecode.swift; path = ExchangeInfo.swift; sourceTree = "<group>"; };
		3C47BC5E2A38B18C0027A8EC /* ExchangeRate.swift */ = {isa = PBXFileReference; lastKnownFileType = sourcecode.swift; path = ExchangeRate.swift; sourceTree = "<group>"; };
		3C47BC602A38BBCC0027A8EC /* SelectCurrency.swift */ = {isa = PBXFileReference; lastKnownFileType = sourcecode.swift; path = SelectCurrency.swift; sourceTree = "<group>"; };
		3C47BC622A38BF700027A8EC /* CurrencyIcon.swift */ = {isa = PBXFileReference; lastKnownFileType = sourcecode.swift; path = CurrencyIcon.swift; sourceTree = "<group>"; };
		3C47BC642A38C91C0027A8EC /* Currency.swift */ = {isa = PBXFileReference; lastKnownFileType = sourcecode.swift; path = Currency.swift; sourceTree = "<group>"; };
		3C47BC662A3907DB0027A8EC /* IconGrid.swift */ = {isa = PBXFileReference; lastKnownFileType = sourcecode.swift; path = IconGrid.swift; sourceTree = "<group>"; };
/* End PBXFileReference section */

/* Begin PBXFrameworksBuildPhase section */
		3C47BC482A3897240027A8EC /* Frameworks */ = {
			isa = PBXFrameworksBuildPhase;
			buildActionMask = 2147483647;
			files = (
			);
			runOnlyForDeploymentPostprocessing = 0;
		};
/* End PBXFrameworksBuildPhase section */

/* Begin PBXGroup section */
		3C47BC422A3897240027A8EC = {
			isa = PBXGroup;
			children = (
				3C47BC4D2A3897240027A8EC /* LOTR Converter */,
				3C47BC4C2A3897240027A8EC /* Products */,
			);
			sourceTree = "<group>";
		};
		3C47BC4C2A3897240027A8EC /* Products */ = {
			isa = PBXGroup;
			children = (
				3C47BC4B2A3897240027A8EC /* LOTR Converter.app */,
			);
			name = Products;
			sourceTree = "<group>";
		};
		3C47BC4D2A3897240027A8EC /* LOTR Converter */ = {
			isa = PBXGroup;
			children = (
				3C47BC4E2A3897240027A8EC /* LOTR_ConverterApp.swift */,
				3C47BC642A38C91C0027A8EC /* Currency.swift */,
				3C47BC502A3897240027A8EC /* ContentView.swift */,
				3C47BC602A38BBCC0027A8EC /* SelectCurrency.swift */,
				3C47BC662A3907DB0027A8EC /* IconGrid.swift */,
				3C47BC622A38BF700027A8EC /* CurrencyIcon.swift */,
				3C47BC5C2A38AD7B0027A8EC /* ExchangeInfo.swift */,
				3C47BC5E2A38B18C0027A8EC /* ExchangeRate.swift */,
				3C47BC522A3897260027A8EC /* Assets.xcassets */,
				3C47BC542A3897260027A8EC /* Preview Content */,
			);
			path = "LOTR Converter";
			sourceTree = "<group>";
		};
		3C47BC542A3897260027A8EC /* Preview Content */ = {
			isa = PBXGroup;
			children = (
				3C47BC552A3897260027A8EC /* Preview Assets.xcassets */,
			);
			path = "Preview Content";
			sourceTree = "<group>";
		};
/* End PBXGroup section */

/* Begin PBXNativeTarget section */
		3C47BC4A2A3897240027A8EC /* LOTR Converter */ = {
			isa = PBXNativeTarget;
			buildConfigurationList = 3C47BC592A3897260027A8EC /* Build configuration list for PBXNativeTarget "LOTR Converter" */;
			buildPhases = (
				3C47BC472A3897240027A8EC /* Sources */,
				3C47BC482A3897240027A8EC /* Frameworks */,
				3C47BC492A3897240027A8EC /* Resources */,
			);
			buildRules = (
			);
			dependencies = (
			);
			name = "LOTR Converter";
			productName = "LOTR Converter";
			productReference = 3C47BC4B2A3897240027A8EC /* LOTR Converter.app */;
			productType = "com.apple.product-type.application";
		};
/* End PBXNativeTarget section */

/* Begin PBXProject section */
		3C47BC432A3897240027A8EC /* Project object */ = {
			isa = PBXProject;
			attributes = {
				BuildIndependentTargetsInParallel = 1;
				LastSwiftUpdateCheck = 1430;
				LastUpgradeCheck = 1430;
				TargetAttributes = {
					3C47BC4A2A3897240027A8EC = {
						CreatedOnToolsVersion = 14.3.1;
					};
				};
			};
			buildConfigurationList = 3C47BC462A3897240027A8EC /* Build configuration list for PBXProject "LOTR Converter" */;
			compatibilityVersion = "Xcode 14.0";
			developmentRegion = en;
			hasScannedForEncodings = 0;
			knownRegions = (
				en,
				Base,
			);
			mainGroup = 3C47BC422A3897240027A8EC;
			productRefGroup = 3C47BC4C2A3897240027A8EC /* Products */;
			projectDirPath = "";
			projectRoot = "";
			targets = (
				3C47BC4A2A3897240027A8EC /* LOTR Converter */,
			);
		};
/* End PBXProject section */

/* Begin PBXResourcesBuildPhase section */
		3C47BC492A3897240027A8EC /* Resources */ = {
			isa = PBXResourcesBuildPhase;
			buildActionMask = 2147483647;
			files = (
				3C47BC562A3897260027A8EC /* Preview Assets.xcassets in Resources */,
				3C47BC532A3897260027A8EC /* Assets.xcassets in Resources */,
			);
			runOnlyForDeploymentPostprocessing = 0;
		};
/* End PBXResourcesBuildPhase section */

/* Begin PBXSourcesBuildPhase section */
		3C47BC472A3897240027A8EC /* Sources */ = {
			isa = PBXSourcesBuildPhase;
			buildActionMask = 2147483647;
			files = (
				3C47BC672A3907DB0027A8EC /* IconGrid.swift in Sources */,
				3C47BC5F2A38B18C0027A8EC /* ExchangeRate.swift in Sources */,
				3C47BC612A38BBCC0027A8EC /* SelectCurrency.swift in Sources */,
				3C47BC5D2A38AD7B0027A8EC /* ExchangeInfo.swift in Sources */,
				3C47BC512A3897240027A8EC /* ContentView.swift in Sources */,
				3C47BC4F2A3897240027A8EC /* LOTR_ConverterApp.swift in Sources */,
				3C47BC652A38C91C0027A8EC /* Currency.swift in Sources */,
				3C47BC632A38BF700027A8EC /* CurrencyIcon.swift in Sources */,
			);
			runOnlyForDeploymentPostprocessing = 0;
		};
/* End PBXSourcesBuildPhase section */

/* Begin XCBuildConfiguration section */
		3C47BC572A3897260027A8EC /* Debug */ = {
			isa = XCBuildConfiguration;
			buildSettings = {
				ALWAYS_SEARCH_USER_PATHS = NO;
				CLANG_ANALYZER_NONNULL = YES;
				CLANG_ANALYZER_NUMBER_OBJECT_CONVERSION = YES_AGGRESSIVE;
				CLANG_CXX_LANGUAGE_STANDARD = "gnu++20";
				CLANG_ENABLE_MODULES = YES;
				CLANG_ENABLE_OBJC_ARC = YES;
				CLANG_ENABLE_OBJC_WEAK = YES;
				CLANG_WARN_BLOCK_CAPTURE_AUTORELEASING = YES;
				CLANG_WARN_BOOL_CONVERSION = YES;
				CLANG_WARN_COMMA = YES;
				CLANG_WARN_CONSTANT_CONVERSION = YES;
				CLANG_WARN_DEPRECATED_OBJC_IMPLEMENTATIONS = YES;
				CLANG_WARN_DIRECT_OBJC_ISA_USAGE = YES_ERROR;
				CLANG_WARN_DOCUMENTATION_COMMENTS = YES;
				CLANG_WARN_EMPTY_BODY = YES;
				CLANG_WARN_ENUM_CONVERSION = YES;
				CLANG_WARN_INFINITE_RECURSION = YES;
				CLANG_WARN_INT_CONVERSION = YES;
				CLANG_WARN_NON_LITERAL_NULL_CONVERSION = YES;
				CLANG_WARN_OBJC_IMPLICIT_RETAIN_SELF = YES;
				CLANG_WARN_OBJC_LITERAL_CONVERSION = YES;
				CLANG_WARN_OBJC_ROOT_CLASS = YES_ERROR;
				CLANG_WARN_QUOTED_INCLUDE_IN_FRAMEWORK_HEADER = YES;
				CLANG_WARN_RANGE_LOOP_ANALYSIS = YES;
				CLANG_WARN_STRICT_PROTOTYPES = YES;
				CLANG_WARN_SUSPICIOUS_MOVE = YES;
				CLANG_WARN_UNGUARDED_AVAILABILITY = YES_AGGRESSIVE;
				CLANG_WARN_UNREACHABLE_CODE = YES;
				CLANG_WARN__DUPLICATE_METHOD_MATCH = YES;
				COPY_PHASE_STRIP = NO;
				DEBUG_INFORMATION_FORMAT = dwarf;
				ENABLE_STRICT_OBJC_MSGSEND = YES;
				ENABLE_TESTABILITY = YES;
				GCC_C_LANGUAGE_STANDARD = gnu11;
				GCC_DYNAMIC_NO_PIC = NO;
				GCC_NO_COMMON_BLOCKS = YES;
				GCC_OPTIMIZATION_LEVEL = 0;
				GCC_PREPROCESSOR_DEFINITIONS = (
					"DEBUG=1",
					"$(inherited)",
				);
				GCC_WARN_64_TO_32_BIT_CONVERSION = YES;
				GCC_WARN_ABOUT_RETURN_TYPE = YES_ERROR;
				GCC_WARN_UNDECLARED_SELECTOR = YES;
				GCC_WARN_UNINITIALIZED_AUTOS = YES_AGGRESSIVE;
				GCC_WARN_UNUSED_FUNCTION = YES;
				GCC_WARN_UNUSED_VARIABLE = YES;
				IPHONEOS_DEPLOYMENT_TARGET = 16.4;
				MTL_ENABLE_DEBUG_INFO = INCLUDE_SOURCE;
				MTL_FAST_MATH = YES;
				ONLY_ACTIVE_ARCH = YES;
				SDKROOT = iphoneos;
				SWIFT_ACTIVE_COMPILATION_CONDITIONS = DEBUG;
				SWIFT_OPTIMIZATION_LEVEL = "-Onone";
			};
			name = Debug;
		};
		3C47BC582A3897260027A8EC /* Release */ = {
			isa = XCBuildConfiguration;
			buildSettings = {
				ALWAYS_SEARCH_USER_PATHS = NO;
				CLANG_ANALYZER_NONNULL = YES;
				CLANG_ANALYZER_NUMBER_OBJECT_CONVERSION = YES_AGGRESSIVE;
				CLANG_CXX_LANGUAGE_STANDARD = "gnu++20";
				CLANG_ENABLE_MODULES = YES;
				CLANG_ENABLE_OBJC_ARC = YES;
				CLANG_ENABLE_OBJC_WEAK = YES;
				CLANG_WARN_BLOCK_CAPTURE_AUTORELEASING = YES;
				CLANG_WARN_BOOL_CONVERSION = YES;
				CLANG_WARN_COMMA = YES;
				CLANG_WARN_CONSTANT_CONVERSION = YES;
				CLANG_WARN_DEPRECATED_OBJC_IMPLEMENTATIONS = YES;
				CLANG_WARN_DIRECT_OBJC_ISA_USAGE = YES_ERROR;
				CLANG_WARN_DOCUMENTATION_COMMENTS = YES;
				CLANG_WARN_EMPTY_BODY = YES;
				CLANG_WARN_ENUM_CONVERSION = YES;
				CLANG_WARN_INFINITE_RECURSION = YES;
				CLANG_WARN_INT_CONVERSION = YES;
				CLANG_WARN_NON_LITERAL_NULL_CONVERSION = YES;
				CLANG_WARN_OBJC_IMPLICIT_RETAIN_SELF = YES;
				CLANG_WARN_OBJC_LITERAL_CONVERSION = YES;
				CLANG_WARN_OBJC_ROOT_CLASS = YES_ERROR;
				CLANG_WARN_QUOTED_INCLUDE_IN_FRAMEWORK_HEADER = YES;
				CLANG_WARN_RANGE_LOOP_ANALYSIS = YES;
				CLANG_WARN_STRICT_PROTOTYPES = YES;
				CLANG_WARN_SUSPICIOUS_MOVE = YES;
				CLANG_WARN_UNGUARDED_AVAILABILITY = YES_AGGRESSIVE;
				CLANG_WARN_UNREACHABLE_CODE = YES;
				CLANG_WARN__DUPLICATE_METHOD_MATCH = YES;
				COPY_PHASE_STRIP = NO;
				DEBUG_INFORMATION_FORMAT = "dwarf-with-dsym";
				ENABLE_NS_ASSERTIONS = NO;
				ENABLE_STRICT_OBJC_MSGSEND = YES;
				GCC_C_LANGUAGE_STANDARD = gnu11;
				GCC_NO_COMMON_BLOCKS = YES;
				GCC_WARN_64_TO_32_BIT_CONVERSION = YES;
				GCC_WARN_ABOUT_RETURN_TYPE = YES_ERROR;
				GCC_WARN_UNDECLARED_SELECTOR = YES;
				GCC_WARN_UNINITIALIZED_AUTOS = YES_AGGRESSIVE;
				GCC_WARN_UNUSED_FUNCTION = YES;
				GCC_WARN_UNUSED_VARIABLE = YES;
				IPHONEOS_DEPLOYMENT_TARGET = 16.4;
				MTL_ENABLE_DEBUG_INFO = NO;
				MTL_FAST_MATH = YES;
				SDKROOT = iphoneos;
				SWIFT_COMPILATION_MODE = wholemodule;
				SWIFT_OPTIMIZATION_LEVEL = "-O";
				VALIDATE_PRODUCT = YES;
			};
			name = Release;
		};
		3C47BC5A2A3897260027A8EC /* Debug */ = {
			isa = XCBuildConfiguration;
			buildSettings = {
				ASSETCATALOG_COMPILER_APPICON_NAME = AppIcon;
				ASSETCATALOG_COMPILER_GLOBAL_ACCENT_COLOR_NAME = AccentColor;
				CODE_SIGN_STYLE = Automatic;
				CURRENT_PROJECT_VERSION = 1;
				DEVELOPMENT_ASSET_PATHS = "\"LOTR Converter/Preview Content\"";
				DEVELOPMENT_TEAM = K62327QFK2;
				ENABLE_PREVIEWS = YES;
				GENERATE_INFOPLIST_FILE = YES;
				INFOPLIST_KEY_UIApplicationSceneManifest_Generation = YES;
				INFOPLIST_KEY_UIApplicationSupportsIndirectInputEvents = YES;
				INFOPLIST_KEY_UILaunchScreen_Generation = YES;
				INFOPLIST_KEY_UISupportedInterfaceOrientations_iPad = "UIInterfaceOrientationPortrait UIInterfaceOrientationPortraitUpsideDown UIInterfaceOrientationLandscapeLeft UIInterfaceOrientationLandscapeRight";
				INFOPLIST_KEY_UISupportedInterfaceOrientations_iPhone = "UIInterfaceOrientationPortrait UIInterfaceOrientationLandscapeLeft UIInterfaceOrientationLandscapeRight";
				IPHONEOS_DEPLOYMENT_TARGET = 16.0;
				LD_RUNPATH_SEARCH_PATHS = (
					"$(inherited)",
					"@executable_path/Frameworks",
				);
				MARKETING_VERSION = 1.0;
				PRODUCT_BUNDLE_IDENTIFIER = "com.yerycastro.LOTR-Converter";
				PRODUCT_NAME = "$(TARGET_NAME)";
				SWIFT_EMIT_LOC_STRINGS = YES;
				SWIFT_VERSION = 5.0;
				TARGETED_DEVICE_FAMILY = "1,2";
			};
			name = Debug;
		};
		3C47BC5B2A3897260027A8EC /* Release */ = {
			isa = XCBuildConfiguration;
			buildSettings = {
				ASSETCATALOG_COMPILER_APPICON_NAME = AppIcon;
				ASSETCATALOG_COMPILER_GLOBAL_ACCENT_COLOR_NAME = AccentColor;
				CODE_SIGN_STYLE = Automatic;
				CURRENT_PROJECT_VERSION = 1;
				DEVELOPMENT_ASSET_PATHS = "\"LOTR Converter/Preview Content\"";
				DEVELOPMENT_TEAM = K62327QFK2;
				ENABLE_PREVIEWS = YES;
				GENERATE_INFOPLIST_FILE = YES;
				INFOPLIST_KEY_UIApplicationSceneManifest_Generation = YES;
				INFOPLIST_KEY_UIApplicationSupportsIndirectInputEvents = YES;
				INFOPLIST_KEY_UILaunchScreen_Generation = YES;
				INFOPLIST_KEY_UISupportedInterfaceOrientations_iPad = "UIInterfaceOrientationPortrait UIInterfaceOrientationPortraitUpsideDown UIInterfaceOrientationLandscapeLeft UIInterfaceOrientationLandscapeRight";
				INFOPLIST_KEY_UISupportedInterfaceOrientations_iPhone = "UIInterfaceOrientationPortrait UIInterfaceOrientationLandscapeLeft UIInterfaceOrientationLandscapeRight";
				IPHONEOS_DEPLOYMENT_TARGET = 16.0;
				LD_RUNPATH_SEARCH_PATHS = (
					"$(inherited)",
					"@executable_path/Frameworks",
				);
				MARKETING_VERSION = 1.0;
				PRODUCT_BUNDLE_IDENTIFIER = "com.yerycastro.LOTR-Converter";
				PRODUCT_NAME = "$(TARGET_NAME)";
				SWIFT_EMIT_LOC_STRINGS = YES;
				SWIFT_VERSION = 5.0;
				TARGETED_DEVICE_FAMILY = "1,2";
			};
			name = Release;
		};
/* End XCBuildConfiguration section */

/* Begin XCConfigurationList section */
		3C47BC462A3897240027A8EC /* Build configuration list for PBXProject "LOTR Converter" */ = {
			isa = XCConfigurationList;
			buildConfigurations = (
				3C47BC572A3897260027A8EC /* Debug */,
				3C47BC582A3897260027A8EC /* Release */,
			);
			defaultConfigurationIsVisible = 0;
			defaultConfigurationName = Release;
		};
		3C47BC592A3897260027A8EC /* Build configuration list for PBXNativeTarget "LOTR Converter" */ = {
			isa = XCConfigurationList;
			buildConfigurations = (
				3C47BC5A2A3897260027A8EC /* Debug */,
				3C47BC5B2A3897260027A8EC /* Release */,
			);
			defaultConfigurationIsVisible = 0;
			defaultConfigurationName = Release;
		};
/* End XCConfigurationList section */
	};
	rootObject = 3C47BC432A3897240027A8EC /* Project object */;
}
